// !$*UTF8*$!
{
	archiveVersion = 1;
	classes = {
	};
	objectVersion = 55;
	objects = {

/* Begin PBXBuildFile section */
		8E67E9B1282F283B003C3D86 /* AppDelegate.swift in Sources */ = {isa = PBXBuildFile; fileRef = 8E67E9B0282F283B003C3D86 /* AppDelegate.swift */; };
		8E67E9B3282F283B003C3D86 /* SceneDelegate.swift in Sources */ = {isa = PBXBuildFile; fileRef = 8E67E9B2282F283B003C3D86 /* SceneDelegate.swift */; };
		8E67E9B5282F283B003C3D86 /* ViewController.swift in Sources */ = {isa = PBXBuildFile; fileRef = 8E67E9B4282F283B003C3D86 /* ViewController.swift */; };
		8E67E9B8282F283B003C3D86 /* Main.storyboard in Resources */ = {isa = PBXBuildFile; fileRef = 8E67E9B6282F283B003C3D86 /* Main.storyboard */; };
		8E67E9BA282F283B003C3D86 /* Assets.xcassets in Resources */ = {isa = PBXBuildFile; fileRef = 8E67E9B9282F283B003C3D86 /* Assets.xcassets */; };
		8E67E9BD282F283B003C3D86 /* LaunchScreen.storyboard in Resources */ = {isa = PBXBuildFile; fileRef = 8E67E9BB282F283B003C3D86 /* LaunchScreen.storyboard */; };
		8E67E9C8282F283C003C3D86 /* LiveLocationTests.swift in Sources */ = {isa = PBXBuildFile; fileRef = 8E67E9C7282F283C003C3D86 /* LiveLocationTests.swift */; };
		8E67E9D2282F283C003C3D86 /* LiveLocationUITests.swift in Sources */ = {isa = PBXBuildFile; fileRef = 8E67E9D1282F283C003C3D86 /* LiveLocationUITests.swift */; };
		8E67E9D4282F283C003C3D86 /* LiveLocationUITestsLaunchTests.swift in Sources */ = {isa = PBXBuildFile; fileRef = 8E67E9D3282F283C003C3D86 /* LiveLocationUITestsLaunchTests.swift */; };
/* End PBXBuildFile section */

/* Begin PBXContainerItemProxy section */
		8E67E9C4282F283C003C3D86 /* PBXContainerItemProxy */ = {
			isa = PBXContainerItemProxy;
			containerPortal = 8E67E9A5282F283A003C3D86 /* Project object */;
			proxyType = 1;
			remoteGlobalIDString = 8E67E9AC282F283B003C3D86;
			remoteInfo = LiveLocation;
		};
		8E67E9CE282F283C003C3D86 /* PBXContainerItemProxy */ = {
			isa = PBXContainerItemProxy;
			containerPortal = 8E67E9A5282F283A003C3D86 /* Project object */;
			proxyType = 1;
			remoteGlobalIDString = 8E67E9AC282F283B003C3D86;
			remoteInfo = LiveLocation;
		};
/* End PBXContainerItemProxy section */

/* Begin PBXFileReference section */
		8E67E9AD282F283B003C3D86 /* LiveLocation.app */ = {isa = PBXFileReference; explicitFileType = wrapper.application; includeInIndex = 0; path = LiveLocation.app; sourceTree = BUILT_PRODUCTS_DIR; };
		8E67E9B0282F283B003C3D86 /* AppDelegate.swift */ = {isa = PBXFileReference; lastKnownFileType = sourcecode.swift; path = AppDelegate.swift; sourceTree = "<group>"; };
		8E67E9B2282F283B003C3D86 /* SceneDelegate.swift */ = {isa = PBXFileReference; lastKnownFileType = sourcecode.swift; path = SceneDelegate.swift; sourceTree = "<group>"; };
		8E67E9B4282F283B003C3D86 /* ViewController.swift */ = {isa = PBXFileReference; lastKnownFileType = sourcecode.swift; path = ViewController.swift; sourceTree = "<group>"; };
		8E67E9B7282F283B003C3D86 /* Base */ = {isa = PBXFileReference; lastKnownFileType = file.storyboard; name = Base; path = Base.lproj/Main.storyboard; sourceTree = "<group>"; };
		8E67E9B9282F283B003C3D86 /* Assets.xcassets */ = {isa = PBXFileReference; lastKnownFileType = folder.assetcatalog; path = Assets.xcassets; sourceTree = "<group>"; };
		8E67E9BC282F283B003C3D86 /* Base */ = {isa = PBXFileReference; lastKnownFileType = file.storyboard; name = Base; path = Base.lproj/LaunchScreen.storyboard; sourceTree = "<group>"; };
		8E67E9BE282F283B003C3D86 /* Info.plist */ = {isa = PBXFileReference; lastKnownFileType = text.plist.xml; path = Info.plist; sourceTree = "<group>"; };
		8E67E9C3282F283C003C3D86 /* LiveLocationTests.xctest */ = {isa = PBXFileReference; explicitFileType = wrapper.cfbundle; includeInIndex = 0; path = LiveLocationTests.xctest; sourceTree = BUILT_PRODUCTS_DIR; };
		8E67E9C7282F283C003C3D86 /* LiveLocationTests.swift */ = {isa = PBXFileReference; lastKnownFileType = sourcecode.swift; path = LiveLocationTests.swift; sourceTree = "<group>"; };
		8E67E9CD282F283C003C3D86 /* LiveLocationUITests.xctest */ = {isa = PBXFileReference; explicitFileType = wrapper.cfbundle; includeInIndex = 0; path = LiveLocationUITests.xctest; sourceTree = BUILT_PRODUCTS_DIR; };
		8E67E9D1282F283C003C3D86 /* LiveLocationUITests.swift */ = {isa = PBXFileReference; lastKnownFileType = sourcecode.swift; path = LiveLocationUITests.swift; sourceTree = "<group>"; };
		8E67E9D3282F283C003C3D86 /* LiveLocationUITestsLaunchTests.swift */ = {isa = PBXFileReference; lastKnownFileType = sourcecode.swift; path = LiveLocationUITestsLaunchTests.swift; sourceTree = "<group>"; };
/* End PBXFileReference section */

/* Begin PBXFrameworksBuildPhase section */
		8E67E9AA282F283B003C3D86 /* Frameworks */ = {
			isa = PBXFrameworksBuildPhase;
			buildActionMask = 2147483647;
			files = (
			);
			runOnlyForDeploymentPostprocessing = 0;
		};
		8E67E9C0282F283C003C3D86 /* Frameworks */ = {
			isa = PBXFrameworksBuildPhase;
			buildActionMask = 2147483647;
			files = (
			);
			runOnlyForDeploymentPostprocessing = 0;
		};
		8E67E9CA282F283C003C3D86 /* Frameworks */ = {
			isa = PBXFrameworksBuildPhase;
			buildActionMask = 2147483647;
			files = (
			);
			runOnlyForDeploymentPostprocessing = 0;
		};
/* End PBXFrameworksBuildPhase section */

/* Begin PBXGroup section */
		8E67E9A4282F283A003C3D86 = {
			isa = PBXGroup;
			children = (
				8E67E9AF282F283B003C3D86 /* LiveLocation */,
				8E67E9C6282F283C003C3D86 /* LiveLocationTests */,
				8E67E9D0282F283C003C3D86 /* LiveLocationUITests */,
				8E67E9AE282F283B003C3D86 /* Products */,
			);
			sourceTree = "<group>";
		};
		8E67E9AE282F283B003C3D86 /* Products */ = {
			isa = PBXGroup;
			children = (
				8E67E9AD282F283B003C3D86 /* LiveLocation.app */,
				8E67E9C3282F283C003C3D86 /* LiveLocationTests.xctest */,
				8E67E9CD282F283C003C3D86 /* LiveLocationUITests.xctest */,
			);
			name = Products;
			sourceTree = "<group>";
		};
		8E67E9AF282F283B003C3D86 /* LiveLocation */ = {
			isa = PBXGroup;
			children = (
				8E67E9B0282F283B003C3D86 /* AppDelegate.swift */,
				8E67E9B2282F283B003C3D86 /* SceneDelegate.swift */,
				8E67E9B4282F283B003C3D86 /* ViewController.swift */,
				8E67E9B6282F283B003C3D86 /* Main.storyboard */,
				8E67E9B9282F283B003C3D86 /* Assets.xcassets */,
				8E67E9BB282F283B003C3D86 /* LaunchScreen.storyboard */,
				8E67E9BE282F283B003C3D86 /* Info.plist */,
			);
			path = LiveLocation;
			sourceTree = "<group>";
		};
		8E67E9C6282F283C003C3D86 /* LiveLocationTests */ = {
			isa = PBXGroup;
			children = (
				8E67E9C7282F283C003C3D86 /* LiveLocationTests.swift */,
			);
			path = LiveLocationTests;
			sourceTree = "<group>";
		};
		8E67E9D0282F283C003C3D86 /* LiveLocationUITests */ = {
			isa = PBXGroup;
			children = (
				8E67E9D1282F283C003C3D86 /* LiveLocationUITests.swift */,
				8E67E9D3282F283C003C3D86 /* LiveLocationUITestsLaunchTests.swift */,
			);
			path = LiveLocationUITests;
			sourceTree = "<group>";
		};
/* End PBXGroup section */

/* Begin PBXNativeTarget section */
		8E67E9AC282F283B003C3D86 /* LiveLocation */ = {
			isa = PBXNativeTarget;
			buildConfigurationList = 8E67E9D7282F283C003C3D86 /* Build configuration list for PBXNativeTarget "LiveLocation" */;
			buildPhases = (
				8E67E9A9282F283B003C3D86 /* Sources */,
				8E67E9AA282F283B003C3D86 /* Frameworks */,
				8E67E9AB282F283B003C3D86 /* Resources */,
			);
			buildRules = (
			);
			dependencies = (
			);
			name = LiveLocation;
			productName = LiveLocation;
			productReference = 8E67E9AD282F283B003C3D86 /* LiveLocation.app */;
			productType = "com.apple.product-type.application";
		};
		8E67E9C2282F283C003C3D86 /* LiveLocationTests */ = {
			isa = PBXNativeTarget;
			buildConfigurationList = 8E67E9DA282F283C003C3D86 /* Build configuration list for PBXNativeTarget "LiveLocationTests" */;
			buildPhases = (
				8E67E9BF282F283C003C3D86 /* Sources */,
				8E67E9C0282F283C003C3D86 /* Frameworks */,
				8E67E9C1282F283C003C3D86 /* Resources */,
			);
			buildRules = (
			);
			dependencies = (
				8E67E9C5282F283C003C3D86 /* PBXTargetDependency */,
			);
			name = LiveLocationTests;
			productName = LiveLocationTests;
			productReference = 8E67E9C3282F283C003C3D86 /* LiveLocationTests.xctest */;
			productType = "com.apple.product-type.bundle.unit-test";
		};
		8E67E9CC282F283C003C3D86 /* LiveLocationUITests */ = {
			isa = PBXNativeTarget;
			buildConfigurationList = 8E67E9DD282F283C003C3D86 /* Build configuration list for PBXNativeTarget "LiveLocationUITests" */;
			buildPhases = (
				8E67E9C9282F283C003C3D86 /* Sources */,
				8E67E9CA282F283C003C3D86 /* Frameworks */,
				8E67E9CB282F283C003C3D86 /* Resources */,
			);
			buildRules = (
			);
			dependencies = (
				8E67E9CF282F283C003C3D86 /* PBXTargetDependency */,
			);
			name = LiveLocationUITests;
			productName = LiveLocationUITests;
			productReference = 8E67E9CD282F283C003C3D86 /* LiveLocationUITests.xctest */;
			productType = "com.apple.product-type.bundle.ui-testing";
		};
/* End PBXNativeTarget section */

/* Begin PBXProject section */
		8E67E9A5282F283A003C3D86 /* Project object */ = {
			isa = PBXProject;
			attributes = {
				BuildIndependentTargetsInParallel = 1;
				LastSwiftUpdateCheck = 1330;
				LastUpgradeCheck = 1330;
				TargetAttributes = {
					8E67E9AC282F283B003C3D86 = {
						CreatedOnToolsVersion = 13.3.1;
					};
					8E67E9C2282F283C003C3D86 = {
						CreatedOnToolsVersion = 13.3.1;
						TestTargetID = 8E67E9AC282F283B003C3D86;
					};
					8E67E9CC282F283C003C3D86 = {
						CreatedOnToolsVersion = 13.3.1;
						TestTargetID = 8E67E9AC282F283B003C3D86;
					};
				};
			};
			buildConfigurationList = 8E67E9A8282F283A003C3D86 /* Build configuration list for PBXProject "LiveLocation" */;
			compatibilityVersion = "Xcode 13.0";
			developmentRegion = en;
			hasScannedForEncodings = 0;
			knownRegions = (
				en,
				Base,
			);
			mainGroup = 8E67E9A4282F283A003C3D86;
			productRefGroup = 8E67E9AE282F283B003C3D86 /* Products */;
			projectDirPath = "";
			projectRoot = "";
			targets = (
				8E67E9AC282F283B003C3D86 /* LiveLocation */,
				8E67E9C2282F283C003C3D86 /* LiveLocationTests */,
				8E67E9CC282F283C003C3D86 /* LiveLocationUITests */,
			);
		};
/* End PBXProject section */

/* Begin PBXResourcesBuildPhase section */
		8E67E9AB282F283B003C3D86 /* Resources */ = {
			isa = PBXResourcesBuildPhase;
			buildActionMask = 2147483647;
			files = (
				8E67E9BD282F283B003C3D86 /* LaunchScreen.storyboard in Resources */,
				8E67E9BA282F283B003C3D86 /* Assets.xcassets in Resources */,
				8E67E9B8282F283B003C3D86 /* Main.storyboard in Resources */,
			);
			runOnlyForDeploymentPostprocessing = 0;
		};
		8E67E9C1282F283C003C3D86 /* Resources */ = {
			isa = PBXResourcesBuildPhase;
			buildActionMask = 2147483647;
			files = (
			);
			runOnlyForDeploymentPostprocessing = 0;
		};
		8E67E9CB282F283C003C3D86 /* Resources */ = {
			isa = PBXResourcesBuildPhase;
			buildActionMask = 2147483647;
			files = (
			);
			runOnlyForDeploymentPostprocessing = 0;
		};
/* End PBXResourcesBuildPhase section */

/* Begin PBXSourcesBuildPhase section */
		8E67E9A9282F283B003C3D86 /* Sources */ = {
			isa = PBXSourcesBuildPhase;
			buildActionMask = 2147483647;
			files = (
				8E67E9B5282F283B003C3D86 /* ViewController.swift in Sources */,
				8E67E9B1282F283B003C3D86 /* AppDelegate.swift in Sources */,
				8E67E9B3282F283B003C3D86 /* SceneDelegate.swift in Sources */,
			);
			runOnlyForDeploymentPostprocessing = 0;
		};
		8E67E9BF282F283C003C3D86 /* Sources */ = {
			isa = PBXSourcesBuildPhase;
			buildActionMask = 2147483647;
			files = (
				8E67E9C8282F283C003C3D86 /* LiveLocationTests.swift in Sources */,
			);
			runOnlyForDeploymentPostprocessing = 0;
		};
		8E67E9C9282F283C003C3D86 /* Sources */ = {
			isa = PBXSourcesBuildPhase;
			buildActionMask = 2147483647;
			files = (
				8E67E9D2282F283C003C3D86 /* LiveLocationUITests.swift in Sources */,
				8E67E9D4282F283C003C3D86 /* LiveLocationUITestsLaunchTests.swift in Sources */,
			);
			runOnlyForDeploymentPostprocessing = 0;
		};
/* End PBXSourcesBuildPhase section */

/* Begin PBXTargetDependency section */
		8E67E9C5282F283C003C3D86 /* PBXTargetDependency */ = {
			isa = PBXTargetDependency;
			target = 8E67E9AC282F283B003C3D86 /* LiveLocation */;
			targetProxy = 8E67E9C4282F283C003C3D86 /* PBXContainerItemProxy */;
		};
		8E67E9CF282F283C003C3D86 /* PBXTargetDependency */ = {
			isa = PBXTargetDependency;
			target = 8E67E9AC282F283B003C3D86 /* LiveLocation */;
			targetProxy = 8E67E9CE282F283C003C3D86 /* PBXContainerItemProxy */;
		};
/* End PBXTargetDependency section */

/* Begin PBXVariantGroup section */
		8E67E9B6282F283B003C3D86 /* Main.storyboard */ = {
			isa = PBXVariantGroup;
			children = (
				8E67E9B7282F283B003C3D86 /* Base */,
			);
			name = Main.storyboard;
			sourceTree = "<group>";
		};
		8E67E9BB282F283B003C3D86 /* LaunchScreen.storyboard */ = {
			isa = PBXVariantGroup;
			children = (
				8E67E9BC282F283B003C3D86 /* Base */,
			);
			name = LaunchScreen.storyboard;
			sourceTree = "<group>";
		};
/* End PBXVariantGroup section */

/* Begin XCBuildConfiguration section */
		8E67E9D5282F283C003C3D86 /* Debug */ = {
			isa = XCBuildConfiguration;
			buildSettings = {
				ALWAYS_SEARCH_USER_PATHS = NO;
				CLANG_ANALYZER_NONNULL = YES;
				CLANG_ANALYZER_NUMBER_OBJECT_CONVERSION = YES_AGGRESSIVE;
				CLANG_CXX_LANGUAGE_STANDARD = "gnu++17";
				CLANG_ENABLE_MODULES = YES;
				CLANG_ENABLE_OBJC_ARC = YES;
				CLANG_ENABLE_OBJC_WEAK = YES;
				CLANG_WARN_BLOCK_CAPTURE_AUTORELEASING = YES;
				CLANG_WARN_BOOL_CONVERSION = YES;
				CLANG_WARN_COMMA = YES;
				CLANG_WARN_CONSTANT_CONVERSION = YES;
				CLANG_WARN_DEPRECATED_OBJC_IMPLEMENTATIONS = YES;
				CLANG_WARN_DIRECT_OBJC_ISA_USAGE = YES_ERROR;
				CLANG_WARN_DOCUMENTATION_COMMENTS = YES;
				CLANG_WARN_EMPTY_BODY = YES;
				CLANG_WARN_ENUM_CONVERSION = YES;
				CLANG_WARN_INFINITE_RECURSION = YES;
				CLANG_WARN_INT_CONVERSION = YES;
				CLANG_WARN_NON_LITERAL_NULL_CONVERSION = YES;
				CLANG_WARN_OBJC_IMPLICIT_RETAIN_SELF = YES;
				CLANG_WARN_OBJC_LITERAL_CONVERSION = YES;
				CLANG_WARN_OBJC_ROOT_CLASS = YES_ERROR;
				CLANG_WARN_QUOTED_INCLUDE_IN_FRAMEWORK_HEADER = YES;
				CLANG_WARN_RANGE_LOOP_ANALYSIS = YES;
				CLANG_WARN_STRICT_PROTOTYPES = YES;
				CLANG_WARN_SUSPICIOUS_MOVE = YES;
				CLANG_WARN_UNGUARDED_AVAILABILITY = YES_AGGRESSIVE;
				CLANG_WARN_UNREACHABLE_CODE = YES;
				CLANG_WARN__DUPLICATE_METHOD_MATCH = YES;
				COPY_PHASE_STRIP = NO;
				DEBUG_INFORMATION_FORMAT = dwarf;
				ENABLE_STRICT_OBJC_MSGSEND = YES;
				ENABLE_TESTABILITY = YES;
				GCC_C_LANGUAGE_STANDARD = gnu11;
				GCC_DYNAMIC_NO_PIC = NO;
				GCC_NO_COMMON_BLOCKS = YES;
				GCC_OPTIMIZATION_LEVEL = 0;
				GCC_PREPROCESSOR_DEFINITIONS = (
					"DEBUG=1",
					"$(inherited)",
				);
				GCC_WARN_64_TO_32_BIT_CONVERSION = YES;
				GCC_WARN_ABOUT_RETURN_TYPE = YES_ERROR;
				GCC_WARN_UNDECLARED_SELECTOR = YES;
				GCC_WARN_UNINITIALIZED_AUTOS = YES_AGGRESSIVE;
				GCC_WARN_UNUSED_FUNCTION = YES;
				GCC_WARN_UNUSED_VARIABLE = YES;
				IPHONEOS_DEPLOYMENT_TARGET = 15.4;
				MTL_ENABLE_DEBUG_INFO = INCLUDE_SOURCE;
				MTL_FAST_MATH = YES;
				ONLY_ACTIVE_ARCH = YES;
				SDKROOT = iphoneos;
				SWIFT_ACTIVE_COMPILATION_CONDITIONS = DEBUG;
				SWIFT_OPTIMIZATION_LEVEL = "-Onone";
			};
			name = Debug;
		};
		8E67E9D6282F283C003C3D86 /* Release */ = {
			isa = XCBuildConfiguration;
			buildSettings = {
				ALWAYS_SEARCH_USER_PATHS = NO;
				CLANG_ANALYZER_NONNULL = YES;
				CLANG_ANALYZER_NUMBER_OBJECT_CONVERSION = YES_AGGRESSIVE;
				CLANG_CXX_LANGUAGE_STANDARD = "gnu++17";
				CLANG_ENABLE_MODULES = YES;
				CLANG_ENABLE_OBJC_ARC = YES;
				CLANG_ENABLE_OBJC_WEAK = YES;
				CLANG_WARN_BLOCK_CAPTURE_AUTORELEASING = YES;
				CLANG_WARN_BOOL_CONVERSION = YES;
				CLANG_WARN_COMMA = YES;
				CLANG_WARN_CONSTANT_CONVERSION = YES;
				CLANG_WARN_DEPRECATED_OBJC_IMPLEMENTATIONS = YES;
				CLANG_WARN_DIRECT_OBJC_ISA_USAGE = YES_ERROR;
				CLANG_WARN_DOCUMENTATION_COMMENTS = YES;
				CLANG_WARN_EMPTY_BODY = YES;
				CLANG_WARN_ENUM_CONVERSION = YES;
				CLANG_WARN_INFINITE_RECURSION = YES;
				CLANG_WARN_INT_CONVERSION = YES;
				CLANG_WARN_NON_LITERAL_NULL_CONVERSION = YES;
				CLANG_WARN_OBJC_IMPLICIT_RETAIN_SELF = YES;
				CLANG_WARN_OBJC_LITERAL_CONVERSION = YES;
				CLANG_WARN_OBJC_ROOT_CLASS = YES_ERROR;
				CLANG_WARN_QUOTED_INCLUDE_IN_FRAMEWORK_HEADER = YES;
				CLANG_WARN_RANGE_LOOP_ANALYSIS = YES;
				CLANG_WARN_STRICT_PROTOTYPES = YES;
				CLANG_WARN_SUSPICIOUS_MOVE = YES;
				CLANG_WARN_UNGUARDED_AVAILABILITY = YES_AGGRESSIVE;
				CLANG_WARN_UNREACHABLE_CODE = YES;
				CLANG_WARN__DUPLICATE_METHOD_MATCH = YES;
				COPY_PHASE_STRIP = NO;
				DEBUG_INFORMATION_FORMAT = "dwarf-with-dsym";
				ENABLE_NS_ASSERTIONS = NO;
				ENABLE_STRICT_OBJC_MSGSEND = YES;
				GCC_C_LANGUAGE_STANDARD = gnu11;
				GCC_NO_COMMON_BLOCKS = YES;
				GCC_WARN_64_TO_32_BIT_CONVERSION = YES;
				GCC_WARN_ABOUT_RETURN_TYPE = YES_ERROR;
				GCC_WARN_UNDECLARED_SELECTOR = YES;
				GCC_WARN_UNINITIALIZED_AUTOS = YES_AGGRESSIVE;
				GCC_WARN_UNUSED_FUNCTION = YES;
				GCC_WARN_UNUSED_VARIABLE = YES;
				IPHONEOS_DEPLOYMENT_TARGET = 15.4;
				MTL_ENABLE_DEBUG_INFO = NO;
				MTL_FAST_MATH = YES;
				SDKROOT = iphoneos;
				SWIFT_COMPILATION_MODE = wholemodule;
				SWIFT_OPTIMIZATION_LEVEL = "-O";
				VALIDATE_PRODUCT = YES;
			};
			name = Release;
		};
		8E67E9D8282F283C003C3D86 /* Debug */ = {
			isa = XCBuildConfiguration;
			buildSettings = {
				ASSETCATALOG_COMPILER_APPICON_NAME = AppIcon;
				ASSETCATALOG_COMPILER_GLOBAL_ACCENT_COLOR_NAME = AccentColor;
				CODE_SIGN_STYLE = Automatic;
				CURRENT_PROJECT_VERSION = 1;
				DEVELOPMENT_TEAM = DVU2WLUXU4;
				GENERATE_INFOPLIST_FILE = YES;
				INFOPLIST_FILE = LiveLocation/Info.plist;
				INFOPLIST_KEY_UIApplicationSupportsIndirectInputEvents = YES;
				INFOPLIST_KEY_UILaunchStoryboardName = LaunchScreen;
				INFOPLIST_KEY_UIMainStoryboardFile = Main;
				INFOPLIST_KEY_UISupportedInterfaceOrientations_iPad = "UIInterfaceOrientationPortrait UIInterfaceOrientationPortraitUpsideDown UIInterfaceOrientationLandscapeLeft UIInterfaceOrientationLandscapeRight";
				INFOPLIST_KEY_UISupportedInterfaceOrientations_iPhone = "UIInterfaceOrientationPortrait UIInterfaceOrientationLandscapeLeft UIInterfaceOrientationLandscapeRight";
				LD_RUNPATH_SEARCH_PATHS = (
					"$(inherited)",
					"@executable_path/Frameworks",
				);
				MARKETING_VERSION = 1.0;
				PRODUCT_BUNDLE_IDENTIFIER = com.learning.tutorials.LiveLocation;
				PRODUCT_NAME = "$(TARGET_NAME)";
				SWIFT_EMIT_LOC_STRINGS = YES;
				SWIFT_VERSION = 5.0;
				TARGETED_DEVICE_FAMILY = "1,2";
			};
			name = Debug;
		};
		8E67E9D9282F283C003C3D86 /* Release */ = {
			isa = XCBuildConfiguration;
			buildSettings = {
				ASSETCATALOG_COMPILER_APPICON_NAME = AppIcon;
				ASSETCATALOG_COMPILER_GLOBAL_ACCENT_COLOR_NAME = AccentColor;
				CODE_SIGN_STYLE = Automatic;
				CURRENT_PROJECT_VERSION = 1;
				DEVELOPMENT_TEAM = DVU2WLUXU4;
				GENERATE_INFOPLIST_FILE = YES;
				INFOPLIST_FILE = LiveLocation/Info.plist;
				INFOPLIST_KEY_UIApplicationSupportsIndirectInputEvents = YES;
				INFOPLIST_KEY_UILaunchStoryboardName = LaunchScreen;
				INFOPLIST_KEY_UIMainStoryboardFile = Main;
				INFOPLIST_KEY_UISupportedInterfaceOrientations_iPad = "UIInterfaceOrientationPortrait UIInterfaceOrientationPortraitUpsideDown UIInterfaceOrientationLandscapeLeft UIInterfaceOrientationLandscapeRight";
				INFOPLIST_KEY_UISupportedInterfaceOrientations_iPhone = "UIInterfaceOrientationPortrait UIInterfaceOrientationLandscapeLeft UIInterfaceOrientationLandscapeRight";
				LD_RUNPATH_SEARCH_PATHS = (
					"$(inherited)",
					"@executable_path/Frameworks",
				);
				MARKETING_VERSION = 1.0;
				PRODUCT_BUNDLE_IDENTIFIER = com.learning.tutorials.LiveLocation;
				PRODUCT_NAME = "$(TARGET_NAME)";
				SWIFT_EMIT_LOC_STRINGS = YES;
				SWIFT_VERSION = 5.0;
				TARGETED_DEVICE_FAMILY = "1,2";
			};
			name = Release;
		};
		8E67E9DB282F283C003C3D86 /* Debug */ = {
			isa = XCBuildConfiguration;
			buildSettings = {
				ALWAYS_EMBED_SWIFT_STANDARD_LIBRARIES = YES;
				BUNDLE_LOADER = "$(TEST_HOST)";
				CODE_SIGN_STYLE = Automatic;
				CURRENT_PROJECT_VERSION = 1;
				GENERATE_INFOPLIST_FILE = YES;
				IPHONEOS_DEPLOYMENT_TARGET = 15.4;
				MARKETING_VERSION = 1.0;
				PRODUCT_BUNDLE_IDENTIFIER = com.learning.tutorials.LiveLocationTests;
				PRODUCT_NAME = "$(TARGET_NAME)";
				SWIFT_EMIT_LOC_STRINGS = NO;
				SWIFT_VERSION = 5.0;
				TARGETED_DEVICE_FAMILY = "1,2";
				TEST_HOST = "$(BUILT_PRODUCTS_DIR)/LiveLocation.app/LiveLocation";
			};
			name = Debug;
		};
		8E67E9DC282F283C003C3D86 /* Release */ = {
			isa = XCBuildConfiguration;
			buildSettings = {
				ALWAYS_EMBED_SWIFT_STANDARD_LIBRARIES = YES;
				BUNDLE_LOADER = "$(TEST_HOST)";
				CODE_SIGN_STYLE = Automatic;
				CURRENT_PROJECT_VERSION = 1;
				GENERATE_INFOPLIST_FILE = YES;
				IPHONEOS_DEPLOYMENT_TARGET = 15.4;
				MARKETING_VERSION = 1.0;
				PRODUCT_BUNDLE_IDENTIFIER = com.learning.tutorials.LiveLocationTests;
				PRODUCT_NAME = "$(TARGET_NAME)";
				SWIFT_EMIT_LOC_STRINGS = NO;
				SWIFT_VERSION = 5.0;
				TARGETED_DEVICE_FAMILY = "1,2";
				TEST_HOST = "$(BUILT_PRODUCTS_DIR)/LiveLocation.app/LiveLocation";
			};
			name = Release;
		};
		8E67E9DE282F283C003C3D86 /* Debug */ = {
			isa = XCBuildConfiguration;
			buildSettings = {
				ALWAYS_EMBED_SWIFT_STANDARD_LIBRARIES = YES;
				CODE_SIGN_STYLE = Automatic;
				CURRENT_PROJECT_VERSION = 1;
				GENERATE_INFOPLIST_FILE = YES;
				MARKETING_VERSION = 1.0;
				PRODUCT_BUNDLE_IDENTIFIER = com.learning.tutorials.LiveLocationUITests;
				PRODUCT_NAME = "$(TARGET_NAME)";
				SWIFT_EMIT_LOC_STRINGS = NO;
				SWIFT_VERSION = 5.0;
				TARGETED_DEVICE_FAMILY = "1,2";
				TEST_TARGET_NAME = LiveLocation;
			};
			name = Debug;
		};
		8E67E9DF282F283C003C3D86 /* Release */ = {
			isa = XCBuildConfiguration;
			buildSettings = {
				ALWAYS_EMBED_SWIFT_STANDARD_LIBRARIES = YES;
				CODE_SIGN_STYLE = Automatic;
				CURRENT_PROJECT_VERSION = 1;
				GENERATE_INFOPLIST_FILE = YES;
				MARKETING_VERSION = 1.0;
				PRODUCT_BUNDLE_IDENTIFIER = com.learning.tutorials.LiveLocationUITests;
				PRODUCT_NAME = "$(TARGET_NAME)";
				SWIFT_EMIT_LOC_STRINGS = NO;
				SWIFT_VERSION = 5.0;
				TARGETED_DEVICE_FAMILY = "1,2";
				TEST_TARGET_NAME = LiveLocation;
			};
			name = Release;
		};
/* End XCBuildConfiguration section */

/* Begin XCConfigurationList section */
		8E67E9A8282F283A003C3D86 /* Build configuration list for PBXProject "LiveLocation" */ = {
			isa = XCConfigurationList;
			buildConfigurations = (
				8E67E9D5282F283C003C3D86 /* Debug */,
				8E67E9D6282F283C003C3D86 /* Release */,
			);
			defaultConfigurationIsVisible = 0;
			defaultConfigurationName = Release;
		};
		8E67E9D7282F283C003C3D86 /* Build configuration list for PBXNativeTarget "LiveLocation" */ = {
			isa = XCConfigurationList;
			buildConfigurations = (
				8E67E9D8282F283C003C3D86 /* Debug */,
				8E67E9D9282F283C003C3D86 /* Release */,
			);
			defaultConfigurationIsVisible = 0;
			defaultConfigurationName = Release;
		};
		8E67E9DA282F283C003C3D86 /* Build configuration list for PBXNativeTarget "LiveLocationTests" */ = {
			isa = XCConfigurationList;
			buildConfigurations = (
				8E67E9DB282F283C003C3D86 /* Debug */,
				8E67E9DC282F283C003C3D86 /* Release */,
			);
			defaultConfigurationIsVisible = 0;
			defaultConfigurationName = Release;
		};
		8E67E9DD282F283C003C3D86 /* Build configuration list for PBXNativeTarget "LiveLocationUITests" */ = {
			isa = XCConfigurationList;
			buildConfigurations = (
				8E67E9DE282F283C003C3D86 /* Debug */,
				8E67E9DF282F283C003C3D86 /* Release */,
			);
			defaultConfigurationIsVisible = 0;
			defaultConfigurationName = Release;
		};
/* End XCConfigurationList section */
	};
	rootObject = 8E67E9A5282F283A003C3D86 /* Project object */;
}
